// !$*UTF8*$!
{
	archiveVersion = 1;
	classes = {
	};
	objectVersion = 50;
	objects = {

/* Begin PBXBuildFile section */
		D3ADEE5024811CC100115BFE /* AppDelegate.swift in Sources */ = {isa = PBXBuildFile; fileRef = D3ADEE4F24811CC100115BFE /* AppDelegate.swift */; };
		D3ADEE5224811CC100115BFE /* SceneDelegate.swift in Sources */ = {isa = PBXBuildFile; fileRef = D3ADEE5124811CC100115BFE /* SceneDelegate.swift */; };
		D3ADEE5424811CC100115BFE /* WeatherViewController.swift in Sources */ = {isa = PBXBuildFile; fileRef = D3ADEE5324811CC100115BFE /* WeatherViewController.swift */; };
		D3ADEE5724811CC100115BFE /* Main.storyboard in Resources */ = {isa = PBXBuildFile; fileRef = D3ADEE5524811CC100115BFE /* Main.storyboard */; };
		D3ADEE5924811CC300115BFE /* Assets.xcassets in Resources */ = {isa = PBXBuildFile; fileRef = D3ADEE5824811CC300115BFE /* Assets.xcassets */; };
		D3ADEE5C24811CC300115BFE /* LaunchScreen.storyboard in Resources */ = {isa = PBXBuildFile; fileRef = D3ADEE5A24811CC300115BFE /* LaunchScreen.storyboard */; };
		D3ADEE6724811D2200115BFE /* WeatherManager.swift in Sources */ = {isa = PBXBuildFile; fileRef = D3ADEE6624811D2200115BFE /* WeatherManager.swift */; };
		D3ADEE6924811D4700115BFE /* WeatherData.swift in Sources */ = {isa = PBXBuildFile; fileRef = D3ADEE6824811D4700115BFE /* WeatherData.swift */; };
		D3ADEE6B24811D7400115BFE /* WeatherModel.swift in Sources */ = {isa = PBXBuildFile; fileRef = D3ADEE6A24811D7400115BFE /* WeatherModel.swift */; };
		D3ADEE6D24811DDD00115BFE /* light_background.pdf in Resources */ = {isa = PBXBuildFile; fileRef = D3ADEE6C24811DDD00115BFE /* light_background.pdf */; };
/* End PBXBuildFile section */

/* Begin PBXFileReference section */
		D3ADEE4C24811CC100115BFE /* WeatherApplication.app */ = {isa = PBXFileReference; explicitFileType = wrapper.application; includeInIndex = 0; path = WeatherApplication.app; sourceTree = BUILT_PRODUCTS_DIR; };
		D3ADEE4F24811CC100115BFE /* AppDelegate.swift */ = {isa = PBXFileReference; lastKnownFileType = sourcecode.swift; path = AppDelegate.swift; sourceTree = "<group>"; };
		D3ADEE5124811CC100115BFE /* SceneDelegate.swift */ = {isa = PBXFileReference; lastKnownFileType = sourcecode.swift; path = SceneDelegate.swift; sourceTree = "<group>"; };
		D3ADEE5324811CC100115BFE /* WeatherViewController.swift */ = {isa = PBXFileReference; lastKnownFileType = sourcecode.swift; path = WeatherViewController.swift; sourceTree = "<group>"; };
		D3ADEE5624811CC100115BFE /* Base */ = {isa = PBXFileReference; lastKnownFileType = file.storyboard; name = Base; path = Base.lproj/Main.storyboard; sourceTree = "<group>"; };
		D3ADEE5824811CC300115BFE /* Assets.xcassets */ = {isa = PBXFileReference; lastKnownFileType = folder.assetcatalog; path = Assets.xcassets; sourceTree = "<group>"; };
		D3ADEE5B24811CC300115BFE /* Base */ = {isa = PBXFileReference; lastKnownFileType = file.storyboard; name = Base; path = Base.lproj/LaunchScreen.storyboard; sourceTree = "<group>"; };
		D3ADEE5D24811CC300115BFE /* Info.plist */ = {isa = PBXFileReference; lastKnownFileType = text.plist.xml; path = Info.plist; sourceTree = "<group>"; };
		D3ADEE6624811D2200115BFE /* WeatherManager.swift */ = {isa = PBXFileReference; lastKnownFileType = sourcecode.swift; path = WeatherManager.swift; sourceTree = "<group>"; };
		D3ADEE6824811D4700115BFE /* WeatherData.swift */ = {isa = PBXFileReference; lastKnownFileType = sourcecode.swift; path = WeatherData.swift; sourceTree = "<group>"; };
		D3ADEE6A24811D7400115BFE /* WeatherModel.swift */ = {isa = PBXFileReference; lastKnownFileType = sourcecode.swift; path = WeatherModel.swift; sourceTree = "<group>"; };
		D3ADEE6C24811DDD00115BFE /* light_background.pdf */ = {isa = PBXFileReference; lastKnownFileType = image.pdf; name = light_background.pdf; path = ../../../light_background.pdf; sourceTree = "<group>"; };
/* End PBXFileReference section */

/* Begin PBXFrameworksBuildPhase section */
		D3ADEE4924811CC100115BFE /* Frameworks */ = {
			isa = PBXFrameworksBuildPhase;
			buildActionMask = 2147483647;
			files = (
			);
			runOnlyForDeploymentPostprocessing = 0;
		};
/* End PBXFrameworksBuildPhase section */

/* Begin PBXGroup section */
		D3ADEE4324811CC100115BFE = {
			isa = PBXGroup;
			children = (
				D3ADEE4E24811CC100115BFE /* WeatherApplication */,
				D3ADEE4D24811CC100115BFE /* Products */,
			);
			sourceTree = "<group>";
		};
		D3ADEE4D24811CC100115BFE /* Products */ = {
			isa = PBXGroup;
			children = (
				D3ADEE4C24811CC100115BFE /* WeatherApplication.app */,
			);
			name = Products;
			sourceTree = "<group>";
		};
		D3ADEE4E24811CC100115BFE /* WeatherApplication */ = {
			isa = PBXGroup;
			children = (
				D3ADEE4F24811CC100115BFE /* AppDelegate.swift */,
				D3ADEE5124811CC100115BFE /* SceneDelegate.swift */,
				D3ADEE6524811CFF00115BFE /* Model */,
				D3ADEE6324811CD300115BFE /* View */,
				D3ADEE6424811CDE00115BFE /* Controller */,
				D3ADEE5824811CC300115BFE /* Assets.xcassets */,
				D3ADEE5A24811CC300115BFE /* LaunchScreen.storyboard */,
				D3ADEE6C24811DDD00115BFE /* light_background.pdf */,
				D3ADEE5D24811CC300115BFE /* Info.plist */,
			);
			path = WeatherApplication;
			sourceTree = "<group>";
		};
		D3ADEE6324811CD300115BFE /* View */ = {
			isa = PBXGroup;
			children = (
				D3ADEE5524811CC100115BFE /* Main.storyboard */,
			);
			path = View;
			sourceTree = "<group>";
		};
		D3ADEE6424811CDE00115BFE /* Controller */ = {
			isa = PBXGroup;
			children = (
				D3ADEE5324811CC100115BFE /* WeatherViewController.swift */,
			);
			path = Controller;
			sourceTree = "<group>";
		};
		D3ADEE6524811CFF00115BFE /* Model */ = {
			isa = PBXGroup;
			children = (
				D3ADEE6624811D2200115BFE /* WeatherManager.swift */,
				D3ADEE6824811D4700115BFE /* WeatherData.swift */,
				D3ADEE6A24811D7400115BFE /* WeatherModel.swift */,
			);
			name = Model;
			sourceTree = "<group>";
		};
/* End PBXGroup section */

/* Begin PBXNativeTarget section */
		D3ADEE4B24811CC100115BFE /* WeatherApplication */ = {
			isa = PBXNativeTarget;
			buildConfigurationList = D3ADEE6024811CC300115BFE /* Build configuration list for PBXNativeTarget "WeatherApplication" */;
			buildPhases = (
				D3ADEE4824811CC100115BFE /* Sources */,
				D3ADEE4924811CC100115BFE /* Frameworks */,
				D3ADEE4A24811CC100115BFE /* Resources */,
			);
			buildRules = (
			);
			dependencies = (
			);
			name = WeatherApplication;
			productName = WeatherApplication;
			productReference = D3ADEE4C24811CC100115BFE /* WeatherApplication.app */;
			productType = "com.apple.product-type.application";
		};
/* End PBXNativeTarget section */

/* Begin PBXProject section */
		D3ADEE4424811CC100115BFE /* Project object */ = {
			isa = PBXProject;
			attributes = {
				LastSwiftUpdateCheck = 1140;
				LastUpgradeCheck = 1140;
				ORGANIZATIONNAME = "Андрей Шевчук";
				TargetAttributes = {
					D3ADEE4B24811CC100115BFE = {
						CreatedOnToolsVersion = 11.4.1;
					};
				};
			};
			buildConfigurationList = D3ADEE4724811CC100115BFE /* Build configuration list for PBXProject "WeatherApplication" */;
			compatibilityVersion = "Xcode 9.3";
			developmentRegion = en;
			hasScannedForEncodings = 0;
			knownRegions = (
				en,
				Base,
			);
			mainGroup = D3ADEE4324811CC100115BFE;
			productRefGroup = D3ADEE4D24811CC100115BFE /* Products */;
			projectDirPath = "";
			projectRoot = "";
			targets = (
				D3ADEE4B24811CC100115BFE /* WeatherApplication */,
			);
		};
/* End PBXProject section */

/* Begin PBXResourcesBuildPhase section */
		D3ADEE4A24811CC100115BFE /* Resources */ = {
			isa = PBXResourcesBuildPhase;
			buildActionMask = 2147483647;
			files = (
				D3ADEE5C24811CC300115BFE /* LaunchScreen.storyboard in Resources */,
				D3ADEE5924811CC300115BFE /* Assets.xcassets in Resources */,
				D3ADEE5724811CC100115BFE /* Main.storyboard in Resources */,
				D3ADEE6D24811DDD00115BFE /* light_background.pdf in Resources */,
			);
			runOnlyForDeploymentPostprocessing = 0;
		};
/* End PBXResourcesBuildPhase section */

/* Begin PBXSourcesBuildPhase section */
		D3ADEE4824811CC100115BFE /* Sources */ = {
			isa = PBXSourcesBuildPhase;
			buildActionMask = 2147483647;
			files = (
				D3ADEE5424811CC100115BFE /* WeatherViewController.swift in Sources */,
				D3ADEE6924811D4700115BFE /* WeatherData.swift in Sources */,
				D3ADEE5024811CC100115BFE /* AppDelegate.swift in Sources */,
				D3ADEE6724811D2200115BFE /* WeatherManager.swift in Sources */,
				D3ADEE6B24811D7400115BFE /* WeatherModel.swift in Sources */,
				D3ADEE5224811CC100115BFE /* SceneDelegate.swift in Sources */,
			);
			runOnlyForDeploymentPostprocessing = 0;
		};
/* End PBXSourcesBuildPhase section */

/* Begin PBXVariantGroup section */
		D3ADEE5524811CC100115BFE /* Main.storyboard */ = {
			isa = PBXVariantGroup;
			children = (
				D3ADEE5624811CC100115BFE /* Base */,
			);
			name = Main.storyboard;
			sourceTree = "<group>";
		};
		D3ADEE5A24811CC300115BFE /* LaunchScreen.storyboard */ = {
			isa = PBXVariantGroup;
			children = (
				D3ADEE5B24811CC300115BFE /* Base */,
			);
			name = LaunchScreen.storyboard;
			sourceTree = "<group>";
		};
/* End PBXVariantGroup section */

/* Begin XCBuildConfiguration section */
		D3ADEE5E24811CC300115BFE /* Debug */ = {
			isa = XCBuildConfiguration;
			buildSettings = {
				ALWAYS_SEARCH_USER_PATHS = NO;
				CLANG_ANALYZER_NONNULL = YES;
				CLANG_ANALYZER_NUMBER_OBJECT_CONVERSION = YES_AGGRESSIVE;
				CLANG_CXX_LANGUAGE_STANDARD = "gnu++14";
				CLANG_CXX_LIBRARY = "libc++";
				CLANG_ENABLE_MODULES = YES;
				CLANG_ENABLE_OBJC_ARC = YES;
				CLANG_ENABLE_OBJC_WEAK = YES;
				CLANG_WARN_BLOCK_CAPTURE_AUTORELEASING = YES;
				CLANG_WARN_BOOL_CONVERSION = YES;
				CLANG_WARN_COMMA = YES;
				CLANG_WARN_CONSTANT_CONVERSION = YES;
				CLANG_WARN_DEPRECATED_OBJC_IMPLEMENTATIONS = YES;
				CLANG_WARN_DIRECT_OBJC_ISA_USAGE = YES_ERROR;
				CLANG_WARN_DOCUMENTATION_COMMENTS = YES;
				CLANG_WARN_EMPTY_BODY = YES;
				CLANG_WARN_ENUM_CONVERSION = YES;
				CLANG_WARN_INFINITE_RECURSION = YES;
				CLANG_WARN_INT_CONVERSION = YES;
				CLANG_WARN_NON_LITERAL_NULL_CONVERSION = YES;
				CLANG_WARN_OBJC_IMPLICIT_RETAIN_SELF = YES;
				CLANG_WARN_OBJC_LITERAL_CONVERSION = YES;
				CLANG_WARN_OBJC_ROOT_CLASS = YES_ERROR;
				CLANG_WARN_RANGE_LOOP_ANALYSIS = YES;
				CLANG_WARN_STRICT_PROTOTYPES = YES;
				CLANG_WARN_SUSPICIOUS_MOVE = YES;
				CLANG_WARN_UNGUARDED_AVAILABILITY = YES_AGGRESSIVE;
				CLANG_WARN_UNREACHABLE_CODE = YES;
				CLANG_WARN__DUPLICATE_METHOD_MATCH = YES;
				COPY_PHASE_STRIP = NO;
				DEBUG_INFORMATION_FORMAT = dwarf;
				ENABLE_STRICT_OBJC_MSGSEND = YES;
				ENABLE_TESTABILITY = YES;
				GCC_C_LANGUAGE_STANDARD = gnu11;
				GCC_DYNAMIC_NO_PIC = NO;
				GCC_NO_COMMON_BLOCKS = YES;
				GCC_OPTIMIZATION_LEVEL = 0;
				GCC_PREPROCESSOR_DEFINITIONS = (
					"DEBUG=1",
					"$(inherited)",
				);
				GCC_WARN_64_TO_32_BIT_CONVERSION = YES;
				GCC_WARN_ABOUT_RETURN_TYPE = YES_ERROR;
				GCC_WARN_UNDECLARED_SELECTOR = YES;
				GCC_WARN_UNINITIALIZED_AUTOS = YES_AGGRESSIVE;
				GCC_WARN_UNUSED_FUNCTION = YES;
				GCC_WARN_UNUSED_VARIABLE = YES;
				IPHONEOS_DEPLOYMENT_TARGET = 13.4;
				MTL_ENABLE_DEBUG_INFO = INCLUDE_SOURCE;
				MTL_FAST_MATH = YES;
				ONLY_ACTIVE_ARCH = YES;
				SDKROOT = iphoneos;
				SWIFT_ACTIVE_COMPILATION_CONDITIONS = DEBUG;
				SWIFT_OPTIMIZATION_LEVEL = "-Onone";
			};
			name = Debug;
		};
		D3ADEE5F24811CC300115BFE /* Release */ = {
			isa = XCBuildConfiguration;
			buildSettings = {
				ALWAYS_SEARCH_USER_PATHS = NO;
				CLANG_ANALYZER_NONNULL = YES;
				CLANG_ANALYZER_NUMBER_OBJECT_CONVERSION = YES_AGGRESSIVE;
				CLANG_CXX_LANGUAGE_STANDARD = "gnu++14";
				CLANG_CXX_LIBRARY = "libc++";
				CLANG_ENABLE_MODULES = YES;
				CLANG_ENABLE_OBJC_ARC = YES;
				CLANG_ENABLE_OBJC_WEAK = YES;
				CLANG_WARN_BLOCK_CAPTURE_AUTORELEASING = YES;
				CLANG_WARN_BOOL_CONVERSION = YES;
				CLANG_WARN_COMMA = YES;
				CLANG_WARN_CONSTANT_CONVERSION = YES;
				CLANG_WARN_DEPRECATED_OBJC_IMPLEMENTATIONS = YES;
				CLANG_WARN_DIRECT_OBJC_ISA_USAGE = YES_ERROR;
				CLANG_WARN_DOCUMENTATION_COMMENTS = YES;
				CLANG_WARN_EMPTY_BODY = YES;
				CLANG_WARN_ENUM_CONVERSION = YES;
				CLANG_WARN_INFINITE_RECURSION = YES;
				CLANG_WARN_INT_CONVERSION = YES;
				CLANG_WARN_NON_LITERAL_NULL_CONVERSION = YES;
				CLANG_WARN_OBJC_IMPLICIT_RETAIN_SELF = YES;
				CLANG_WARN_OBJC_LITERAL_CONVERSION = YES;
				CLANG_WARN_OBJC_ROOT_CLASS = YES_ERROR;
				CLANG_WARN_RANGE_LOOP_ANALYSIS = YES;
				CLANG_WARN_STRICT_PROTOTYPES = YES;
				CLANG_WARN_SUSPICIOUS_MOVE = YES;
				CLANG_WARN_UNGUARDED_AVAILABILITY = YES_AGGRESSIVE;
				CLANG_WARN_UNREACHABLE_CODE = YES;
				CLANG_WARN__DUPLICATE_METHOD_MATCH = YES;
				COPY_PHASE_STRIP = NO;
				DEBUG_INFORMATION_FORMAT = "dwarf-with-dsym";
				ENABLE_NS_ASSERTIONS = NO;
				ENABLE_STRICT_OBJC_MSGSEND = YES;
				GCC_C_LANGUAGE_STANDARD = gnu11;
				GCC_NO_COMMON_BLOCKS = YES;
				GCC_WARN_64_TO_32_BIT_CONVERSION = YES;
				GCC_WARN_ABOUT_RETURN_TYPE = YES_ERROR;
				GCC_WARN_UNDECLARED_SELECTOR = YES;
				GCC_WARN_UNINITIALIZED_AUTOS = YES_AGGRESSIVE;
				GCC_WARN_UNUSED_FUNCTION = YES;
				GCC_WARN_UNUSED_VARIABLE = YES;
				IPHONEOS_DEPLOYMENT_TARGET = 13.4;
				MTL_ENABLE_DEBUG_INFO = NO;
				MTL_FAST_MATH = YES;
				SDKROOT = iphoneos;
				SWIFT_COMPILATION_MODE = wholemodule;
				SWIFT_OPTIMIZATION_LEVEL = "-O";
				VALIDATE_PRODUCT = YES;
			};
			name = Release;
		};
		D3ADEE6124811CC300115BFE /* Debug */ = {
			isa = XCBuildConfiguration;
			buildSettings = {
				ASSETCATALOG_COMPILER_APPICON_NAME = AppIcon;
				CODE_SIGN_STYLE = Automatic;
				DEVELOPMENT_TEAM = T9592J2HYY;
				INFOPLIST_FILE = WeatherApplication/Info.plist;
				LD_RUNPATH_SEARCH_PATHS = (
					"$(inherited)",
					"@executable_path/Frameworks",
				);
				PRODUCT_BUNDLE_IDENTIFIER = AS.WeatherApplication;
				PRODUCT_NAME = "$(TARGET_NAME)";
				SWIFT_VERSION = 5.0;
				TARGETED_DEVICE_FAMILY = "1,2";
			};
			name = Debug;
		};
		D3ADEE6224811CC300115BFE /* Release */ = {
			isa = XCBuildConfiguration;
			buildSettings = {
				ASSETCATALOG_COMPILER_APPICON_NAME = AppIcon;
				CODE_SIGN_STYLE = Automatic;
				DEVELOPMENT_TEAM = T9592J2HYY;
				INFOPLIST_FILE = WeatherApplication/Info.plist;
				LD_RUNPATH_SEARCH_PATHS = (
					"$(inherited)",
					"@executable_path/Frameworks",
				);
				PRODUCT_BUNDLE_IDENTIFIER = AS.WeatherApplication;
				PRODUCT_NAME = "$(TARGET_NAME)";
				SWIFT_VERSION = 5.0;
				TARGETED_DEVICE_FAMILY = "1,2";
			};
			name = Release;
		};
/* End XCBuildConfiguration section */

/* Begin XCConfigurationList section */
		D3ADEE4724811CC100115BFE /* Build configuration list for PBXProject "WeatherApplication" */ = {
			isa = XCConfigurationList;
			buildConfigurations = (
				D3ADEE5E24811CC300115BFE /* Debug */,
				D3ADEE5F24811CC300115BFE /* Release */,
			);
			defaultConfigurationIsVisible = 0;
			defaultConfigurationName = Release;
		};
		D3ADEE6024811CC300115BFE /* Build configuration list for PBXNativeTarget "WeatherApplication" */ = {
			isa = XCConfigurationList;
			buildConfigurations = (
				D3ADEE6124811CC300115BFE /* Debug */,
				D3ADEE6224811CC300115BFE /* Release */,
			);
			defaultConfigurationIsVisible = 0;
			defaultConfigurationName = Release;
		};
/* End XCConfigurationList section */
	};
	rootObject = D3ADEE4424811CC100115BFE /* Project object */;
}
